<?xml version="1.0" encoding="utf-8"?>
<Project ToolsVersion="4.0" xmlns="http://schemas.microsoft.com/developer/msbuild/2003">
  <ItemGroup>
    <ClCompile Include="..\..\src\example\main.cpp">
      <Filter>src</Filter>
    </ClCompile>
  </ItemGroup>
  <ItemGroup>
    <ClInclude Include="..\..\include\example\UnitsEx.h">
      <Filter>include</Filter>
    </ClInclude>
    <ClInclude Include="..\..\include\example\CompositeEx.h">
      <Filter>include</Filter>
    </ClInclude>
    <ClInclude Include="..\..\include\example\EventsEx.h">
      <Filter>include</Filter>
    </ClInclude>
    <ClInclude Include="..\..\include\example\DragEx.h">
      <Filter>include</Filter>
    </ClInclude>
    <ClInclude Include="..\..\include\example\TweenEx.h">
      <Filter>include</Filter>
    </ClInclude>
    <ClInclude Include="..\..\include\example\ImageEx.h">
      <Filter>include</Filter>
    </ClInclude>
    <ClInclude Include="..\..\include\example\ControlsEx.h">
      <Filter>include</Filter>
    </ClInclude>
    <ClInclude Include="..\..\include\example\DialogsEx.h">
      <Filter>include</Filter>
    </ClInclude>
    <ClInclude Include="..\..\include\example\ExpandBarEx.h">
      <Filter>include</Filter>
    </ClInclude>
    <ClInclude Include="..\..\include\example\MeshMatcapEx.h">
      <Filter>include</Filter>
    </ClInclude>
    <ClInclude Include="..\..\include\example\MeshWireframeEx.h">
      <Filter>include</Filter>
    </ClInclude>
    <ClInclude Include="..\..\include\example\MeshTextureEx.h">
      <Filter>include</Filter>
    </ClInclude>
    <ClInclude Include="..\..\include\example\MeshVertexColorEx.h">
      <Filter>include</Filter>
    </ClInclude>
    <ClInclude Include="..\..\include\example\MeshParticleEx.h">
      <Filter>include</Filter>
    </ClInclude>
    <ClInclude Include="..\..\include\example\MeshDepthEx.h">
      <Filter>include</Filter>
    </ClInclude>
    <ClInclude Include="..\..\include\example\MeshPhongEx.h">
      <Filter>include</Filter>
    </ClInclude>
    <ClInclude Include="..\..\include\example\LaplaceFillEx.h">
      <Filter>include</Filter>
    </ClInclude>
    <ClInclude Include="..\..\include\example\MeshSubdivideEx.h">
      <Filter>include</Filter>
    </ClInclude>
    <ClInclude Include="..\..\include\example\PoissonBlendEx.h">
      <Filter>include</Filter>
    </ClInclude>
    <ClInclude Include="..\..\include\example\PoissonInpaintEx.h">
      <Filter>include</Filter>
    </ClInclude>
    <ClInclude Include="..\..\include\example\stb_image_write.h">
      <Filter>include</Filter>
    </ClInclude>
    <ClInclude Include="..\..\include\example\ImageProcessingEx.h">
      <Filter>include</Filter>
    </ClInclude>
    <ClInclude Include="..\..\include\example\MeshPickerEx.h">
      <Filter>include</Filter>
    </ClInclude>
    <ClInclude Include="..\..\include\example\MeshSmoothEx.h">
      <Filter>include</Filter>
    </ClInclude>
    <ClInclude Include="..\..\include\example\ColorSpaceEx.h">
      <Filter>include</Filter>
    </ClInclude>
    <ClInclude Include="..\..\include\example\MeshPrimitivesEx.h">
      <Filter>include</Filter>
    </ClInclude>
    <ClInclude Include="..\..\include\example\MenuEx.h">
      <Filter>include</Filter>
    </ClInclude>
    <ClInclude Include="..\..\include\example\LocatorEx.h">
      <Filter>include</Filter>
    </ClInclude>
    <ClInclude Include="..\..\include\example\WindowPaneEx.h">
      <Filter>include</Filter>
    </ClInclude>
    <ClInclude Include="..\..\include\example\IntersectorEx.h">
      <Filter>include</Filter>
    </ClInclude>
    <ClInclude Include="..\..\include\example\SplineEx.h">
      <Filter>include</Filter>
    </ClInclude>
    <ClInclude Include="..\..\include\example\DistanceFieldEx.h">
      <Filter>include</Filter>
    </ClInclude>
    <ClInclude Include="..\..\include\example\ExpandTreeEx.h">
      <Filter>include</Filter>
    </ClInclude>
    <ClInclude Include="..\..\include\example\DataFlowEx.h">
      <Filter>include</Filter>
    </ClInclude>
    <ClInclude Include="..\..\include\example\ForceDirectedGraphEx.h">
      <Filter>include</Filter>
    </ClInclude>
    <ClInclude Include="..\..\include\example\OneEuroFilterEx.h">
      <Filter>include</Filter>
    </ClInclude>
    <ClInclude Include="..\..\include\example\TabPaneEx.h">
      <Filter>include</Filter>
    </ClInclude>
    <ClInclude Include="..\..\include\example\ParameterPaneEx.h">
      <Filter>include</Filter>
    </ClInclude>
    <ClInclude Include="..\..\include\example\TablePaneEx.h">
      <Filter>include</Filter>
    </ClInclude>
    <ClInclude Include="..\..\include\example\GraphPaneEx.h">
      <Filter>include</Filter>
    </ClInclude>
    <ClInclude Include="..\..\include\example\TimelineEx.h">
      <Filter>include</Filter>
    </ClInclude>
    <ClInclude Include="..\..\include\example\MeshOptimizationEx.h">
      <Filter>include</Filter>
    </ClInclude>
  </ItemGroup>
  <ItemGroup>
    <Filter Include="include">
      <UniqueIdentifier>{3ca71dd6-0d12-45f7-bfc0-3db31deae343}</UniqueIdentifier>
    </Filter>
    <Filter Include="src">
      <UniqueIdentifier>{73dd09be-2785-4fdf-8f1e-c221975d890e}</UniqueIdentifier>
    </Filter>
  </ItemGroup>
</Project>